
Microsoft Visual Studio Solution File, Format Version 12.00
# Visual Studio Version 17
VisualStudioVersion = 17.4.33205.214
MinimumVisualStudioVersion = 10.0.40219.1
Project("{888888A0-9F3D-457C-B088-3A5042F75D52}") = "bakery", "bakery.pyproj", "{FCD52479-456D-4F94-BAFB-199AFEC80203}"
EndProject
Global
	GlobalSection(SolutionConfigurationPlatforms) = preSolution
		Debug|Any CPU = Debug|Any CPU
		Release|Any CPU = Release|Any CPU
	EndGlobalSection
	GlobalSection(ProjectConfigurationPlatforms) = postSolution
		{FCD52479-456D-4F94-BAFB-199AFEC80203}.Debug|Any CPU.ActiveCfg = Debug|Any CPU
		{FCD52479-456D-4F94-BAFB-199AFEC80203}.Debug|Any CPU.Build.0 = Debug|Any CPU
		{FCD52479-456D-4F94-BAFB-199AFEC80203}.Release|Any CPU.ActiveCfg = Release|Any CPU
		{FCD52479-456D-4F94-BAFB-199AFEC80203}.Release|Any CPU.Build.0 = Release|Any CPU
	EndGlobalSection
	GlobalSection(SolutionProperties) = preSolution
		HideSolutionNode = FALSE
	EndGlobalSection
	GlobalSection(ExtensibilityGlobals) = postSolution
		SolutionGuid = {47DB3146-5DF9-4ECE-864F-B4FF80EBB3A8}
	EndGlobalSection
EndGlobal
